
Microsoft Visual Studio Solution File, Format Version 12.00
# Visual Studio Version 17
VisualStudioVersion = 17.11.35327.3
MinimumVisualStudioVersion = 10.0.40219.1
Project("{FAE04EC0-301F-11D3-BF4B-00C04F79EFBC}") = "DITraining", "DITraining\DITraining.csproj", "{18594DD9-0E22-4232-ADC1-F6C97233604B}"
EndProject
Global
	GlobalSection(SolutionConfigurationPlatforms) = preSolution
		Debug|Any CPU = Debug|Any CPU
		Release|Any CPU = Release|Any CPU
	EndGlobalSection
	GlobalSection(ProjectConfigurationPlatforms) = postSolution
		{18594DD9-0E22-4232-ADC1-F6C97233604B}.Debug|Any CPU.ActiveCfg = Debug|Any CPU
		{18594DD9-0E22-4232-ADC1-F6C97233604B}.Debug|Any CPU.Build.0 = Debug|Any CPU
		{18594DD9-0E22-4232-ADC1-F6C97233604B}.Release|Any CPU.ActiveCfg = Release|Any CPU
		{18594DD9-0E22-4232-ADC1-F6C97233604B}.Release|Any CPU.Build.0 = Release|Any CPU
	EndGlobalSection
	GlobalSection(SolutionProperties) = preSolution
		HideSolutionNode = FALSE
	EndGlobalSection
	GlobalSection(ExtensibilityGlobals) = postSolution
		SolutionGuid = {FFBBC168-FA1B-4351-8E8A-B34D893A7E59}
	EndGlobalSection
EndGlobal
